// !$*UTF8*$!
{
	archiveVersion = 1;
	classes = {
	};
	objectVersion = 51;
	objects = {

/* Begin PBXBuildFile section */
		4AC03E656AF10EFE6C756DA0 /* Pods_Daily_Business_Digest_Daily_Business_DigestUITests.framework in Frameworks */ = {isa = PBXBuildFile; fileRef = 68EC6711B5BE4A32B6057B5F /* Pods_Daily_Business_Digest_Daily_Business_DigestUITests.framework */; };
		5AB8E6D5D1F85DDD0638C278 /* Pods_Daily_Business_Digest.framework in Frameworks */ = {isa = PBXBuildFile; fileRef = D090CB45C8B6DACCE37743A4 /* Pods_Daily_Business_Digest.framework */; };
		9EBB8E1E1EFA476240821941 /* Pods_Daily_Business_DigestTests.framework in Frameworks */ = {isa = PBXBuildFile; fileRef = 24F2EEBD9872C0BBF354B2A6 /* Pods_Daily_Business_DigestTests.framework */; };
		A80FA8E625EB042B00EB28B2 /* NewsCell.swift in Sources */ = {isa = PBXBuildFile; fileRef = A80FA8E525EB042B00EB28B2 /* NewsCell.swift */; };
		A81C4FE825F4213000E471FB /* UIImageView+LoadImage.swift in Sources */ = {isa = PBXBuildFile; fileRef = A81C4FE725F4213000E471FB /* UIImageView+LoadImage.swift */; };
		A81F897325E1DD2A000A7CBD /* AppDelegate.swift in Sources */ = {isa = PBXBuildFile; fileRef = A81F897225E1DD2A000A7CBD /* AppDelegate.swift */; };
		A81F897525E1DD2A000A7CBD /* SceneDelegate.swift in Sources */ = {isa = PBXBuildFile; fileRef = A81F897425E1DD2A000A7CBD /* SceneDelegate.swift */; };
		A81F897C25E1DD2D000A7CBD /* Assets.xcassets in Resources */ = {isa = PBXBuildFile; fileRef = A81F897B25E1DD2D000A7CBD /* Assets.xcassets */; };
		A81F897F25E1DD2D000A7CBD /* LaunchScreen.storyboard in Resources */ = {isa = PBXBuildFile; fileRef = A81F897D25E1DD2D000A7CBD /* LaunchScreen.storyboard */; };
		A81F898A25E1DD2D000A7CBD /* Daily_Business_DigestTests.swift in Sources */ = {isa = PBXBuildFile; fileRef = A81F898925E1DD2D000A7CBD /* Daily_Business_DigestTests.swift */; };
		A81F899525E1DD2D000A7CBD /* Daily_Business_DigestUITests.swift in Sources */ = {isa = PBXBuildFile; fileRef = A81F899425E1DD2D000A7CBD /* Daily_Business_DigestUITests.swift */; };
		A831B3C325E75DC100BE69A8 /* News.swift in Sources */ = {isa = PBXBuildFile; fileRef = A831B3C225E75DC100BE69A8 /* News.swift */; };
		A831B3CB25E763D300BE69A8 /* Article.swift in Sources */ = {isa = PBXBuildFile; fileRef = A831B3CA25E763D300BE69A8 /* Article.swift */; };
		A83B296225F59C9D00DF54F1 /* ArticleContentVC.swift in Sources */ = {isa = PBXBuildFile; fileRef = A83B296125F59C9D00DF54F1 /* ArticleContentVC.swift */; };
		A87D8E4425F85F3F00F96333 /* DateFormatter+FormatDate.swift in Sources */ = {isa = PBXBuildFile; fileRef = A87D8E4325F85F3F00F96333 /* DateFormatter+FormatDate.swift */; };
		A885C45C2602CA3B0027C060 /* Readme.md in Resources */ = {isa = PBXBuildFile; fileRef = A885C45B2602CA3B0027C060 /* Readme.md */; };
		A8C8D52725EC465900D1B5DE /* NewsTableVC.swift in Sources */ = {isa = PBXBuildFile; fileRef = A8C8D52625EC465900D1B5DE /* NewsTableVC.swift */; };
/* End PBXBuildFile section */

/* Begin PBXContainerItemProxy section */
		A81F898625E1DD2D000A7CBD /* PBXContainerItemProxy */ = {
			isa = PBXContainerItemProxy;
			containerPortal = A81F896725E1DD2A000A7CBD /* Project object */;
			proxyType = 1;
			remoteGlobalIDString = A81F896E25E1DD2A000A7CBD;
			remoteInfo = "Daily Business Digest";
		};
		A81F899125E1DD2D000A7CBD /* PBXContainerItemProxy */ = {
			isa = PBXContainerItemProxy;
			containerPortal = A81F896725E1DD2A000A7CBD /* Project object */;
			proxyType = 1;
			remoteGlobalIDString = A81F896E25E1DD2A000A7CBD;
			remoteInfo = "Daily Business Digest";
		};
/* End PBXContainerItemProxy section */

/* Begin PBXFileReference section */
		24F2EEBD9872C0BBF354B2A6 /* Pods_Daily_Business_DigestTests.framework */ = {isa = PBXFileReference; explicitFileType = wrapper.framework; includeInIndex = 0; path = Pods_Daily_Business_DigestTests.framework; sourceTree = BUILT_PRODUCTS_DIR; };
		3EF3BC40EF3CFB2D43507ED0 /* Pods-Daily Business Digest.debug.xcconfig */ = {isa = PBXFileReference; includeInIndex = 1; lastKnownFileType = text.xcconfig; name = "Pods-Daily Business Digest.debug.xcconfig"; path = "Target Support Files/Pods-Daily Business Digest/Pods-Daily Business Digest.debug.xcconfig"; sourceTree = "<group>"; };
		68EC6711B5BE4A32B6057B5F /* Pods_Daily_Business_Digest_Daily_Business_DigestUITests.framework */ = {isa = PBXFileReference; explicitFileType = wrapper.framework; includeInIndex = 0; path = Pods_Daily_Business_Digest_Daily_Business_DigestUITests.framework; sourceTree = BUILT_PRODUCTS_DIR; };
		97630A8648175F87E8F0DC15 /* Pods-Daily Business DigestTests.release.xcconfig */ = {isa = PBXFileReference; includeInIndex = 1; lastKnownFileType = text.xcconfig; name = "Pods-Daily Business DigestTests.release.xcconfig"; path = "Target Support Files/Pods-Daily Business DigestTests/Pods-Daily Business DigestTests.release.xcconfig"; sourceTree = "<group>"; };
		A4BBBEB68595AA6B7E1B4C6D /* Pods-Daily Business DigestTests.debug.xcconfig */ = {isa = PBXFileReference; includeInIndex = 1; lastKnownFileType = text.xcconfig; name = "Pods-Daily Business DigestTests.debug.xcconfig"; path = "Target Support Files/Pods-Daily Business DigestTests/Pods-Daily Business DigestTests.debug.xcconfig"; sourceTree = "<group>"; };
		A80FA8E525EB042B00EB28B2 /* NewsCell.swift */ = {isa = PBXFileReference; lastKnownFileType = sourcecode.swift; path = NewsCell.swift; sourceTree = "<group>"; };
		A81C4FE725F4213000E471FB /* UIImageView+LoadImage.swift */ = {isa = PBXFileReference; lastKnownFileType = sourcecode.swift; path = "UIImageView+LoadImage.swift"; sourceTree = "<group>"; };
		A81F896F25E1DD2A000A7CBD /* Daily Business Digest.app */ = {isa = PBXFileReference; explicitFileType = wrapper.application; includeInIndex = 0; path = "Daily Business Digest.app"; sourceTree = BUILT_PRODUCTS_DIR; };
		A81F897225E1DD2A000A7CBD /* AppDelegate.swift */ = {isa = PBXFileReference; lastKnownFileType = sourcecode.swift; path = AppDelegate.swift; sourceTree = "<group>"; };
		A81F897425E1DD2A000A7CBD /* SceneDelegate.swift */ = {isa = PBXFileReference; lastKnownFileType = sourcecode.swift; path = SceneDelegate.swift; sourceTree = "<group>"; };
		A81F897B25E1DD2D000A7CBD /* Assets.xcassets */ = {isa = PBXFileReference; lastKnownFileType = folder.assetcatalog; path = Assets.xcassets; sourceTree = "<group>"; };
		A81F897E25E1DD2D000A7CBD /* Base */ = {isa = PBXFileReference; lastKnownFileType = file.storyboard; name = Base; path = Base.lproj/LaunchScreen.storyboard; sourceTree = "<group>"; };
		A81F898525E1DD2D000A7CBD /* Daily Business DigestTests.xctest */ = {isa = PBXFileReference; explicitFileType = wrapper.cfbundle; includeInIndex = 0; path = "Daily Business DigestTests.xctest"; sourceTree = BUILT_PRODUCTS_DIR; };
		A81F898925E1DD2D000A7CBD /* Daily_Business_DigestTests.swift */ = {isa = PBXFileReference; lastKnownFileType = sourcecode.swift; path = Daily_Business_DigestTests.swift; sourceTree = "<group>"; };
		A81F898B25E1DD2D000A7CBD /* Info.plist */ = {isa = PBXFileReference; lastKnownFileType = text.plist.xml; path = Info.plist; sourceTree = "<group>"; };
		A81F899025E1DD2D000A7CBD /* Daily Business DigestUITests.xctest */ = {isa = PBXFileReference; explicitFileType = wrapper.cfbundle; includeInIndex = 0; path = "Daily Business DigestUITests.xctest"; sourceTree = BUILT_PRODUCTS_DIR; };
		A81F899425E1DD2D000A7CBD /* Daily_Business_DigestUITests.swift */ = {isa = PBXFileReference; lastKnownFileType = sourcecode.swift; path = Daily_Business_DigestUITests.swift; sourceTree = "<group>"; };
		A81F899625E1DD2D000A7CBD /* Info.plist */ = {isa = PBXFileReference; lastKnownFileType = text.plist.xml; path = Info.plist; sourceTree = "<group>"; };
		A831B3C225E75DC100BE69A8 /* News.swift */ = {isa = PBXFileReference; lastKnownFileType = sourcecode.swift; path = News.swift; sourceTree = "<group>"; };
		A831B3CA25E763D300BE69A8 /* Article.swift */ = {isa = PBXFileReference; lastKnownFileType = sourcecode.swift; path = Article.swift; sourceTree = "<group>"; };
		A83B296125F59C9D00DF54F1 /* ArticleContentVC.swift */ = {isa = PBXFileReference; lastKnownFileType = sourcecode.swift; path = ArticleContentVC.swift; sourceTree = "<group>"; };
		A87D8E4325F85F3F00F96333 /* DateFormatter+FormatDate.swift */ = {isa = PBXFileReference; lastKnownFileType = sourcecode.swift; path = "DateFormatter+FormatDate.swift"; sourceTree = "<group>"; };
		A885C45B2602CA3B0027C060 /* Readme.md */ = {isa = PBXFileReference; lastKnownFileType = net.daringfireball.markdown; path = Readme.md; sourceTree = "<group>"; };
		A8C8D52625EC465900D1B5DE /* NewsTableVC.swift */ = {isa = PBXFileReference; lastKnownFileType = sourcecode.swift; path = NewsTableVC.swift; sourceTree = "<group>"; };
		A8C8D54225EC67E400D1B5DE /* Info.plist */ = {isa = PBXFileReference; lastKnownFileType = text.plist.xml; path = Info.plist; sourceTree = "<group>"; };
		B2492BAD4A69FA2162603616 /* Pods-Daily Business Digest-Daily Business DigestUITests.release.xcconfig */ = {isa = PBXFileReference; includeInIndex = 1; lastKnownFileType = text.xcconfig; name = "Pods-Daily Business Digest-Daily Business DigestUITests.release.xcconfig"; path = "Target Support Files/Pods-Daily Business Digest-Daily Business DigestUITests/Pods-Daily Business Digest-Daily Business DigestUITests.release.xcconfig"; sourceTree = "<group>"; };
		C4450719B16AA7A6AF20F196 /* Pods-Daily Business Digest.release.xcconfig */ = {isa = PBXFileReference; includeInIndex = 1; lastKnownFileType = text.xcconfig; name = "Pods-Daily Business Digest.release.xcconfig"; path = "Target Support Files/Pods-Daily Business Digest/Pods-Daily Business Digest.release.xcconfig"; sourceTree = "<group>"; };
		C9F3F16F4D50A8D62EDCC93D /* Pods-Daily Business Digest-Daily Business DigestUITests.debug.xcconfig */ = {isa = PBXFileReference; includeInIndex = 1; lastKnownFileType = text.xcconfig; name = "Pods-Daily Business Digest-Daily Business DigestUITests.debug.xcconfig"; path = "Target Support Files/Pods-Daily Business Digest-Daily Business DigestUITests/Pods-Daily Business Digest-Daily Business DigestUITests.debug.xcconfig"; sourceTree = "<group>"; };
		D090CB45C8B6DACCE37743A4 /* Pods_Daily_Business_Digest.framework */ = {isa = PBXFileReference; explicitFileType = wrapper.framework; includeInIndex = 0; path = Pods_Daily_Business_Digest.framework; sourceTree = BUILT_PRODUCTS_DIR; };
/* End PBXFileReference section */

/* Begin PBXFrameworksBuildPhase section */
		A81F896C25E1DD2A000A7CBD /* Frameworks */ = {
			isa = PBXFrameworksBuildPhase;
			buildActionMask = 2147483647;
			files = (
				5AB8E6D5D1F85DDD0638C278 /* Pods_Daily_Business_Digest.framework in Frameworks */,
			);
			runOnlyForDeploymentPostprocessing = 0;
		};
		A81F898225E1DD2D000A7CBD /* Frameworks */ = {
			isa = PBXFrameworksBuildPhase;
			buildActionMask = 2147483647;
			files = (
				9EBB8E1E1EFA476240821941 /* Pods_Daily_Business_DigestTests.framework in Frameworks */,
			);
			runOnlyForDeploymentPostprocessing = 0;
		};
		A81F898D25E1DD2D000A7CBD /* Frameworks */ = {
			isa = PBXFrameworksBuildPhase;
			buildActionMask = 2147483647;
			files = (
				4AC03E656AF10EFE6C756DA0 /* Pods_Daily_Business_Digest_Daily_Business_DigestUITests.framework in Frameworks */,
			);
			runOnlyForDeploymentPostprocessing = 0;
		};
/* End PBXFrameworksBuildPhase section */

/* Begin PBXGroup section */
		078D257C487D8D829927F011 /* Pods */ = {
			isa = PBXGroup;
			children = (
				3EF3BC40EF3CFB2D43507ED0 /* Pods-Daily Business Digest.debug.xcconfig */,
				C4450719B16AA7A6AF20F196 /* Pods-Daily Business Digest.release.xcconfig */,
				C9F3F16F4D50A8D62EDCC93D /* Pods-Daily Business Digest-Daily Business DigestUITests.debug.xcconfig */,
				B2492BAD4A69FA2162603616 /* Pods-Daily Business Digest-Daily Business DigestUITests.release.xcconfig */,
				A4BBBEB68595AA6B7E1B4C6D /* Pods-Daily Business DigestTests.debug.xcconfig */,
				97630A8648175F87E8F0DC15 /* Pods-Daily Business DigestTests.release.xcconfig */,
			);
			path = Pods;
			sourceTree = "<group>";
		};
		A81F896625E1DD2A000A7CBD = {
			isa = PBXGroup;
			children = (
				A885C45B2602CA3B0027C060 /* Readme.md */,
				A81F897125E1DD2A000A7CBD /* Daily Business Digest */,
				A81F898825E1DD2D000A7CBD /* Daily Business DigestTests */,
				A81F899325E1DD2D000A7CBD /* Daily Business DigestUITests */,
				A81F897025E1DD2A000A7CBD /* Products */,
				078D257C487D8D829927F011 /* Pods */,
				E3527FE84D42260614561C1C /* Frameworks */,
			);
			sourceTree = "<group>";
		};
		A81F897025E1DD2A000A7CBD /* Products */ = {
			isa = PBXGroup;
			children = (
				A81F896F25E1DD2A000A7CBD /* Daily Business Digest.app */,
				A81F898525E1DD2D000A7CBD /* Daily Business DigestTests.xctest */,
				A81F899025E1DD2D000A7CBD /* Daily Business DigestUITests.xctest */,
			);
			name = Products;
			sourceTree = "<group>";
		};
		A81F897125E1DD2A000A7CBD /* Daily Business Digest */ = {
			isa = PBXGroup;
			children = (
				A81F897225E1DD2A000A7CBD /* AppDelegate.swift */,
				A81F897425E1DD2A000A7CBD /* SceneDelegate.swift */,
				A8C8D54225EC67E400D1B5DE /* Info.plist */,
				A82A5B1725E5E461004811A5 /* Model */,
				A82A5B1625E5E451004811A5 /* View */,
				A82A5B1825E5E46E004811A5 /* Controller */,
				A81F897B25E1DD2D000A7CBD /* Assets.xcassets */,
				A81F897D25E1DD2D000A7CBD /* LaunchScreen.storyboard */,
			);
			path = "Daily Business Digest";
			sourceTree = "<group>";
		};
		A81F898825E1DD2D000A7CBD /* Daily Business DigestTests */ = {
			isa = PBXGroup;
			children = (
				A81F898925E1DD2D000A7CBD /* Daily_Business_DigestTests.swift */,
				A81F898B25E1DD2D000A7CBD /* Info.plist */,
			);
			path = "Daily Business DigestTests";
			sourceTree = "<group>";
		};
		A81F899325E1DD2D000A7CBD /* Daily Business DigestUITests */ = {
			isa = PBXGroup;
			children = (
				A81F899425E1DD2D000A7CBD /* Daily_Business_DigestUITests.swift */,
				A81F899625E1DD2D000A7CBD /* Info.plist */,
			);
			path = "Daily Business DigestUITests";
			sourceTree = "<group>";
		};
		A82A5B1625E5E451004811A5 /* View */ = {
			isa = PBXGroup;
			children = (
				A80FA8E525EB042B00EB28B2 /* NewsCell.swift */,
			);
			path = View;
			sourceTree = "<group>";
		};
		A82A5B1725E5E461004811A5 /* Model */ = {
			isa = PBXGroup;
			children = (
				A831B3C225E75DC100BE69A8 /* News.swift */,
				A831B3CA25E763D300BE69A8 /* Article.swift */,
				A87D8E4325F85F3F00F96333 /* DateFormatter+FormatDate.swift */,
			);
			path = Model;
			sourceTree = "<group>";
		};
		A82A5B1825E5E46E004811A5 /* Controller */ = {
			isa = PBXGroup;
			children = (
				A8C8D52625EC465900D1B5DE /* NewsTableVC.swift */,
				A81C4FE725F4213000E471FB /* UIImageView+LoadImage.swift */,
				A83B296125F59C9D00DF54F1 /* ArticleContentVC.swift */,
			);
			path = Controller;
			sourceTree = "<group>";
		};
		E3527FE84D42260614561C1C /* Frameworks */ = {
			isa = PBXGroup;
			children = (
				D090CB45C8B6DACCE37743A4 /* Pods_Daily_Business_Digest.framework */,
				68EC6711B5BE4A32B6057B5F /* Pods_Daily_Business_Digest_Daily_Business_DigestUITests.framework */,
				24F2EEBD9872C0BBF354B2A6 /* Pods_Daily_Business_DigestTests.framework */,
			);
			name = Frameworks;
			sourceTree = "<group>";
		};
/* End PBXGroup section */

/* Begin PBXNativeTarget section */
		A81F896E25E1DD2A000A7CBD /* Daily Business Digest */ = {
			isa = PBXNativeTarget;
			buildConfigurationList = A81F899925E1DD2D000A7CBD /* Build configuration list for PBXNativeTarget "Daily Business Digest" */;
			buildPhases = (
				2852370A67FD5B97DCCB5729 /* [CP] Check Pods Manifest.lock */,
				A81F896B25E1DD2A000A7CBD /* Sources */,
				A81F896C25E1DD2A000A7CBD /* Frameworks */,
				A81F896D25E1DD2A000A7CBD /* Resources */,
				094373A541435072BE1B5965 /* [CP] Embed Pods Frameworks */,
			);
			buildRules = (
			);
			dependencies = (
			);
			name = "Daily Business Digest";
			productName = "Daily Business Digest";
			productReference = A81F896F25E1DD2A000A7CBD /* Daily Business Digest.app */;
			productType = "com.apple.product-type.application";
		};
		A81F898425E1DD2D000A7CBD /* Daily Business DigestTests */ = {
			isa = PBXNativeTarget;
			buildConfigurationList = A81F899C25E1DD2D000A7CBD /* Build configuration list for PBXNativeTarget "Daily Business DigestTests" */;
			buildPhases = (
				486741B9B828772866D8456E /* [CP] Check Pods Manifest.lock */,
				A81F898125E1DD2D000A7CBD /* Sources */,
				A81F898225E1DD2D000A7CBD /* Frameworks */,
				A81F898325E1DD2D000A7CBD /* Resources */,
			);
			buildRules = (
			);
			dependencies = (
				A81F898725E1DD2D000A7CBD /* PBXTargetDependency */,
			);
			name = "Daily Business DigestTests";
			productName = "Daily Business DigestTests";
			productReference = A81F898525E1DD2D000A7CBD /* Daily Business DigestTests.xctest */;
			productType = "com.apple.product-type.bundle.unit-test";
		};
		A81F898F25E1DD2D000A7CBD /* Daily Business DigestUITests */ = {
			isa = PBXNativeTarget;
			buildConfigurationList = A81F899F25E1DD2D000A7CBD /* Build configuration list for PBXNativeTarget "Daily Business DigestUITests" */;
			buildPhases = (
				C776151C140B10405E166C71 /* [CP] Check Pods Manifest.lock */,
				A81F898C25E1DD2D000A7CBD /* Sources */,
				A81F898D25E1DD2D000A7CBD /* Frameworks */,
				A81F898E25E1DD2D000A7CBD /* Resources */,
				70A0FB3BB39ECA7B787CA370 /* [CP] Embed Pods Frameworks */,
			);
			buildRules = (
			);
			dependencies = (
				A81F899225E1DD2D000A7CBD /* PBXTargetDependency */,
			);
			name = "Daily Business DigestUITests";
			productName = "Daily Business DigestUITests";
			productReference = A81F899025E1DD2D000A7CBD /* Daily Business DigestUITests.xctest */;
			productType = "com.apple.product-type.bundle.ui-testing";
		};
/* End PBXNativeTarget section */

/* Begin PBXProject section */
		A81F896725E1DD2A000A7CBD /* Project object */ = {
			isa = PBXProject;
			attributes = {
				LastSwiftUpdateCheck = 1200;
				LastUpgradeCheck = 1200;
				TargetAttributes = {
					A81F896E25E1DD2A000A7CBD = {
						CreatedOnToolsVersion = 12.0;
					};
					A81F898425E1DD2D000A7CBD = {
						CreatedOnToolsVersion = 12.0;
						TestTargetID = A81F896E25E1DD2A000A7CBD;
					};
					A81F898F25E1DD2D000A7CBD = {
						CreatedOnToolsVersion = 12.0;
						TestTargetID = A81F896E25E1DD2A000A7CBD;
					};
				};
			};
			buildConfigurationList = A81F896A25E1DD2A000A7CBD /* Build configuration list for PBXProject "Daily Business Digest" */;
			compatibilityVersion = "Xcode 9.3";
			developmentRegion = en;
			hasScannedForEncodings = 0;
			knownRegions = (
				en,
				Base,
			);
			mainGroup = A81F896625E1DD2A000A7CBD;
			productRefGroup = A81F897025E1DD2A000A7CBD /* Products */;
			projectDirPath = "";
			projectRoot = "";
			targets = (
				A81F896E25E1DD2A000A7CBD /* Daily Business Digest */,
				A81F898425E1DD2D000A7CBD /* Daily Business DigestTests */,
				A81F898F25E1DD2D000A7CBD /* Daily Business DigestUITests */,
			);
		};
/* End PBXProject section */

/* Begin PBXResourcesBuildPhase section */
		A81F896D25E1DD2A000A7CBD /* Resources */ = {
			isa = PBXResourcesBuildPhase;
			buildActionMask = 2147483647;
			files = (
				A81F897F25E1DD2D000A7CBD /* LaunchScreen.storyboard in Resources */,
				A81F897C25E1DD2D000A7CBD /* Assets.xcassets in Resources */,
				A885C45C2602CA3B0027C060 /* Readme.md in Resources */,
			);
			runOnlyForDeploymentPostprocessing = 0;
		};
		A81F898325E1DD2D000A7CBD /* Resources */ = {
			isa = PBXResourcesBuildPhase;
			buildActionMask = 2147483647;
			files = (
			);
			runOnlyForDeploymentPostprocessing = 0;
		};
		A81F898E25E1DD2D000A7CBD /* Resources */ = {
			isa = PBXResourcesBuildPhase;
			buildActionMask = 2147483647;
			files = (
			);
			runOnlyForDeploymentPostprocessing = 0;
		};
/* End PBXResourcesBuildPhase section */

/* Begin PBXShellScriptBuildPhase section */
		094373A541435072BE1B5965 /* [CP] Embed Pods Frameworks */ = {
			isa = PBXShellScriptBuildPhase;
			buildActionMask = 2147483647;
			files = (
			);
			inputFileListPaths = (
				"${PODS_ROOT}/Target Support Files/Pods-Daily Business Digest/Pods-Daily Business Digest-frameworks-${CONFIGURATION}-input-files.xcfilelist",
			);
			name = "[CP] Embed Pods Frameworks";
			outputFileListPaths = (
				"${PODS_ROOT}/Target Support Files/Pods-Daily Business Digest/Pods-Daily Business Digest-frameworks-${CONFIGURATION}-output-files.xcfilelist",
			);
			runOnlyForDeploymentPostprocessing = 0;
			shellPath = /bin/sh;
			shellScript = "\"${PODS_ROOT}/Target Support Files/Pods-Daily Business Digest/Pods-Daily Business Digest-frameworks.sh\"\n";
			showEnvVarsInLog = 0;
		};
		2852370A67FD5B97DCCB5729 /* [CP] Check Pods Manifest.lock */ = {
			isa = PBXShellScriptBuildPhase;
			buildActionMask = 2147483647;
			files = (
			);
			inputFileListPaths = (
			);
			inputPaths = (
				"${PODS_PODFILE_DIR_PATH}/Podfile.lock",
				"${PODS_ROOT}/Manifest.lock",
			);
			name = "[CP] Check Pods Manifest.lock";
			outputFileListPaths = (
			);
			outputPaths = (
				"$(DERIVED_FILE_DIR)/Pods-Daily Business Digest-checkManifestLockResult.txt",
			);
			runOnlyForDeploymentPostprocessing = 0;
			shellPath = /bin/sh;
			shellScript = "diff \"${PODS_PODFILE_DIR_PATH}/Podfile.lock\" \"${PODS_ROOT}/Manifest.lock\" > /dev/null\nif [ $? != 0 ] ; then\n    # print error to STDERR\n    echo \"error: The sandbox is not in sync with the Podfile.lock. Run 'pod install' or update your CocoaPods installation.\" >&2\n    exit 1\nfi\n# This output is used by Xcode 'outputs' to avoid re-running this script phase.\necho \"SUCCESS\" > \"${SCRIPT_OUTPUT_FILE_0}\"\n";
			showEnvVarsInLog = 0;
		};
		486741B9B828772866D8456E /* [CP] Check Pods Manifest.lock */ = {
			isa = PBXShellScriptBuildPhase;
			buildActionMask = 2147483647;
			files = (
			);
			inputFileListPaths = (
			);
			inputPaths = (
				"${PODS_PODFILE_DIR_PATH}/Podfile.lock",
				"${PODS_ROOT}/Manifest.lock",
			);
			name = "[CP] Check Pods Manifest.lock";
			outputFileListPaths = (
			);
			outputPaths = (
				"$(DERIVED_FILE_DIR)/Pods-Daily Business DigestTests-checkManifestLockResult.txt",
			);
			runOnlyForDeploymentPostprocessing = 0;
			shellPath = /bin/sh;
			shellScript = "diff \"${PODS_PODFILE_DIR_PATH}/Podfile.lock\" \"${PODS_ROOT}/Manifest.lock\" > /dev/null\nif [ $? != 0 ] ; then\n    # print error to STDERR\n    echo \"error: The sandbox is not in sync with the Podfile.lock. Run 'pod install' or update your CocoaPods installation.\" >&2\n    exit 1\nfi\n# This output is used by Xcode 'outputs' to avoid re-running this script phase.\necho \"SUCCESS\" > \"${SCRIPT_OUTPUT_FILE_0}\"\n";
			showEnvVarsInLog = 0;
		};
		70A0FB3BB39ECA7B787CA370 /* [CP] Embed Pods Frameworks */ = {
			isa = PBXShellScriptBuildPhase;
			buildActionMask = 2147483647;
			files = (
			);
			inputFileListPaths = (
				"${PODS_ROOT}/Target Support Files/Pods-Daily Business Digest-Daily Business DigestUITests/Pods-Daily Business Digest-Daily Business DigestUITests-frameworks-${CONFIGURATION}-input-files.xcfilelist",
			);
			name = "[CP] Embed Pods Frameworks";
			outputFileListPaths = (
				"${PODS_ROOT}/Target Support Files/Pods-Daily Business Digest-Daily Business DigestUITests/Pods-Daily Business Digest-Daily Business DigestUITests-frameworks-${CONFIGURATION}-output-files.xcfilelist",
			);
			runOnlyForDeploymentPostprocessing = 0;
			shellPath = /bin/sh;
			shellScript = "\"${PODS_ROOT}/Target Support Files/Pods-Daily Business Digest-Daily Business DigestUITests/Pods-Daily Business Digest-Daily Business DigestUITests-frameworks.sh\"\n";
			showEnvVarsInLog = 0;
		};
		C776151C140B10405E166C71 /* [CP] Check Pods Manifest.lock */ = {
			isa = PBXShellScriptBuildPhase;
			buildActionMask = 2147483647;
			files = (
			);
			inputFileListPaths = (
			);
			inputPaths = (
				"${PODS_PODFILE_DIR_PATH}/Podfile.lock",
				"${PODS_ROOT}/Manifest.lock",
			);
			name = "[CP] Check Pods Manifest.lock";
			outputFileListPaths = (
			);
			outputPaths = (
				"$(DERIVED_FILE_DIR)/Pods-Daily Business Digest-Daily Business DigestUITests-checkManifestLockResult.txt",
			);
			runOnlyForDeploymentPostprocessing = 0;
			shellPath = /bin/sh;
			shellScript = "diff \"${PODS_PODFILE_DIR_PATH}/Podfile.lock\" \"${PODS_ROOT}/Manifest.lock\" > /dev/null\nif [ $? != 0 ] ; then\n    # print error to STDERR\n    echo \"error: The sandbox is not in sync with the Podfile.lock. Run 'pod install' or update your CocoaPods installation.\" >&2\n    exit 1\nfi\n# This output is used by Xcode 'outputs' to avoid re-running this script phase.\necho \"SUCCESS\" > \"${SCRIPT_OUTPUT_FILE_0}\"\n";
			showEnvVarsInLog = 0;
		};
/* End PBXShellScriptBuildPhase section */

/* Begin PBXSourcesBuildPhase section */
		A81F896B25E1DD2A000A7CBD /* Sources */ = {
			isa = PBXSourcesBuildPhase;
			buildActionMask = 2147483647;
			files = (
				A831B3C325E75DC100BE69A8 /* News.swift in Sources */,
				A8C8D52725EC465900D1B5DE /* NewsTableVC.swift in Sources */,
				A831B3CB25E763D300BE69A8 /* Article.swift in Sources */,
				A87D8E4425F85F3F00F96333 /* DateFormatter+FormatDate.swift in Sources */,
				A81C4FE825F4213000E471FB /* UIImageView+LoadImage.swift in Sources */,
				A83B296225F59C9D00DF54F1 /* ArticleContentVC.swift in Sources */,
				A80FA8E625EB042B00EB28B2 /* NewsCell.swift in Sources */,
				A81F897325E1DD2A000A7CBD /* AppDelegate.swift in Sources */,
				A81F897525E1DD2A000A7CBD /* SceneDelegate.swift in Sources */,
			);
			runOnlyForDeploymentPostprocessing = 0;
		};
		A81F898125E1DD2D000A7CBD /* Sources */ = {
			isa = PBXSourcesBuildPhase;
			buildActionMask = 2147483647;
			files = (
				A81F898A25E1DD2D000A7CBD /* Daily_Business_DigestTests.swift in Sources */,
			);
			runOnlyForDeploymentPostprocessing = 0;
		};
		A81F898C25E1DD2D000A7CBD /* Sources */ = {
			isa = PBXSourcesBuildPhase;
			buildActionMask = 2147483647;
			files = (
				A81F899525E1DD2D000A7CBD /* Daily_Business_DigestUITests.swift in Sources */,
			);
			runOnlyForDeploymentPostprocessing = 0;
		};
/* End PBXSourcesBuildPhase section */

/* Begin PBXTargetDependency section */
		A81F898725E1DD2D000A7CBD /* PBXTargetDependency */ = {
			isa = PBXTargetDependency;
			target = A81F896E25E1DD2A000A7CBD /* Daily Business Digest */;
			targetProxy = A81F898625E1DD2D000A7CBD /* PBXContainerItemProxy */;
		};
		A81F899225E1DD2D000A7CBD /* PBXTargetDependency */ = {
			isa = PBXTargetDependency;
			target = A81F896E25E1DD2A000A7CBD /* Daily Business Digest */;
			targetProxy = A81F899125E1DD2D000A7CBD /* PBXContainerItemProxy */;
		};
/* End PBXTargetDependency section */

/* Begin PBXVariantGroup section */
		A81F897D25E1DD2D000A7CBD /* LaunchScreen.storyboard */ = {
			isa = PBXVariantGroup;
			children = (
				A81F897E25E1DD2D000A7CBD /* Base */,
			);
			name = LaunchScreen.storyboard;
			sourceTree = "<group>";
		};
/* End PBXVariantGroup section */

/* Begin XCBuildConfiguration section */
		A81F899725E1DD2D000A7CBD /* Debug */ = {
			isa = XCBuildConfiguration;
			buildSettings = {
				ALWAYS_SEARCH_USER_PATHS = NO;
				CLANG_ANALYZER_NONNULL = YES;
				CLANG_ANALYZER_NUMBER_OBJECT_CONVERSION = YES_AGGRESSIVE;
				CLANG_CXX_LANGUAGE_STANDARD = "gnu++14";
				CLANG_CXX_LIBRARY = "libc++";
				CLANG_ENABLE_MODULES = YES;
				CLANG_ENABLE_OBJC_ARC = YES;
				CLANG_ENABLE_OBJC_WEAK = YES;
				CLANG_WARN_BLOCK_CAPTURE_AUTORELEASING = YES;
				CLANG_WARN_BOOL_CONVERSION = YES;
				CLANG_WARN_COMMA = YES;
				CLANG_WARN_CONSTANT_CONVERSION = YES;
				CLANG_WARN_DEPRECATED_OBJC_IMPLEMENTATIONS = YES;
				CLANG_WARN_DIRECT_OBJC_ISA_USAGE = YES_ERROR;
				CLANG_WARN_DOCUMENTATION_COMMENTS = YES;
				CLANG_WARN_EMPTY_BODY = YES;
				CLANG_WARN_ENUM_CONVERSION = YES;
				CLANG_WARN_INFINITE_RECURSION = YES;
				CLANG_WARN_INT_CONVERSION = YES;
				CLANG_WARN_NON_LITERAL_NULL_CONVERSION = YES;
				CLANG_WARN_OBJC_IMPLICIT_RETAIN_SELF = YES;
				CLANG_WARN_OBJC_LITERAL_CONVERSION = YES;
				CLANG_WARN_OBJC_ROOT_CLASS = YES_ERROR;
				CLANG_WARN_QUOTED_INCLUDE_IN_FRAMEWORK_HEADER = YES;
				CLANG_WARN_RANGE_LOOP_ANALYSIS = YES;
				CLANG_WARN_STRICT_PROTOTYPES = YES;
				CLANG_WARN_SUSPICIOUS_MOVE = YES;
				CLANG_WARN_UNGUARDED_AVAILABILITY = YES_AGGRESSIVE;
				CLANG_WARN_UNREACHABLE_CODE = YES;
				CLANG_WARN__DUPLICATE_METHOD_MATCH = YES;
				COPY_PHASE_STRIP = NO;
				DEBUG_INFORMATION_FORMAT = dwarf;
				ENABLE_STRICT_OBJC_MSGSEND = YES;
				ENABLE_TESTABILITY = YES;
				GCC_C_LANGUAGE_STANDARD = gnu11;
				GCC_DYNAMIC_NO_PIC = NO;
				GCC_NO_COMMON_BLOCKS = YES;
				GCC_OPTIMIZATION_LEVEL = 0;
				GCC_PREPROCESSOR_DEFINITIONS = (
					"DEBUG=1",
					"$(inherited)",
				);
				GCC_WARN_64_TO_32_BIT_CONVERSION = YES;
				GCC_WARN_ABOUT_RETURN_TYPE = YES_ERROR;
				GCC_WARN_UNDECLARED_SELECTOR = YES;
				GCC_WARN_UNINITIALIZED_AUTOS = YES_AGGRESSIVE;
				GCC_WARN_UNUSED_FUNCTION = YES;
				GCC_WARN_UNUSED_VARIABLE = YES;
				IPHONEOS_DEPLOYMENT_TARGET = 14.0;
				MTL_ENABLE_DEBUG_INFO = INCLUDE_SOURCE;
				MTL_FAST_MATH = YES;
				ONLY_ACTIVE_ARCH = YES;
				SDKROOT = iphoneos;
				SWIFT_ACTIVE_COMPILATION_CONDITIONS = DEBUG;
				SWIFT_OPTIMIZATION_LEVEL = "-Onone";
			};
			name = Debug;
		};
		A81F899825E1DD2D000A7CBD /* Release */ = {
			isa = XCBuildConfiguration;
			buildSettings = {
				ALWAYS_SEARCH_USER_PATHS = NO;
				CLANG_ANALYZER_NONNULL = YES;
				CLANG_ANALYZER_NUMBER_OBJECT_CONVERSION = YES_AGGRESSIVE;
				CLANG_CXX_LANGUAGE_STANDARD = "gnu++14";
				CLANG_CXX_LIBRARY = "libc++";
				CLANG_ENABLE_MODULES = YES;
				CLANG_ENABLE_OBJC_ARC = YES;
				CLANG_ENABLE_OBJC_WEAK = YES;
				CLANG_WARN_BLOCK_CAPTURE_AUTORELEASING = YES;
				CLANG_WARN_BOOL_CONVERSION = YES;
				CLANG_WARN_COMMA = YES;
				CLANG_WARN_CONSTANT_CONVERSION = YES;
				CLANG_WARN_DEPRECATED_OBJC_IMPLEMENTATIONS = YES;
				CLANG_WARN_DIRECT_OBJC_ISA_USAGE = YES_ERROR;
				CLANG_WARN_DOCUMENTATION_COMMENTS = YES;
				CLANG_WARN_EMPTY_BODY = YES;
				CLANG_WARN_ENUM_CONVERSION = YES;
				CLANG_WARN_INFINITE_RECURSION = YES;
				CLANG_WARN_INT_CONVERSION = YES;
				CLANG_WARN_NON_LITERAL_NULL_CONVERSION = YES;
				CLANG_WARN_OBJC_IMPLICIT_RETAIN_SELF = YES;
				CLANG_WARN_OBJC_LITERAL_CONVERSION = YES;
				CLANG_WARN_OBJC_ROOT_CLASS = YES_ERROR;
				CLANG_WARN_QUOTED_INCLUDE_IN_FRAMEWORK_HEADER = YES;
				CLANG_WARN_RANGE_LOOP_ANALYSIS = YES;
				CLANG_WARN_STRICT_PROTOTYPES = YES;
				CLANG_WARN_SUSPICIOUS_MOVE = YES;
				CLANG_WARN_UNGUARDED_AVAILABILITY = YES_AGGRESSIVE;
				CLANG_WARN_UNREACHABLE_CODE = YES;
				CLANG_WARN__DUPLICATE_METHOD_MATCH = YES;
				COPY_PHASE_STRIP = NO;
				DEBUG_INFORMATION_FORMAT = "dwarf-with-dsym";
				ENABLE_NS_ASSERTIONS = NO;
				ENABLE_STRICT_OBJC_MSGSEND = YES;
				GCC_C_LANGUAGE_STANDARD = gnu11;
				GCC_NO_COMMON_BLOCKS = YES;
				GCC_WARN_64_TO_32_BIT_CONVERSION = YES;
				GCC_WARN_ABOUT_RETURN_TYPE = YES_ERROR;
				GCC_WARN_UNDECLARED_SELECTOR = YES;
				GCC_WARN_UNINITIALIZED_AUTOS = YES_AGGRESSIVE;
				GCC_WARN_UNUSED_FUNCTION = YES;
				GCC_WARN_UNUSED_VARIABLE = YES;
				IPHONEOS_DEPLOYMENT_TARGET = 14.0;
				MTL_ENABLE_DEBUG_INFO = NO;
				MTL_FAST_MATH = YES;
				SDKROOT = iphoneos;
				SWIFT_COMPILATION_MODE = wholemodule;
				SWIFT_OPTIMIZATION_LEVEL = "-O";
				VALIDATE_PRODUCT = YES;
			};
			name = Release;
		};
		A81F899A25E1DD2D000A7CBD /* Debug */ = {
			isa = XCBuildConfiguration;
			baseConfigurationReference = 3EF3BC40EF3CFB2D43507ED0 /* Pods-Daily Business Digest.debug.xcconfig */;
			buildSettings = {
				ASSETCATALOG_COMPILER_APPICON_NAME = AppIcon;
				ASSETCATALOG_COMPILER_GLOBAL_ACCENT_COLOR_NAME = AccentColor;
				CODE_SIGN_STYLE = Automatic;
				DEVELOPMENT_TEAM = QS6TZ5BXX6;
				INFOPLIST_FILE = "Daily Business Digest/Info.plist";
				LD_RUNPATH_SEARCH_PATHS = (
					"$(inherited)",
					"@executable_path/Frameworks",
				);
				PRODUCT_BUNDLE_IDENTIFIER = "co.MohammedHossain.Daily-Business-Digest";
				PRODUCT_NAME = "$(TARGET_NAME)";
				SWIFT_VERSION = 5.0;
				TARGETED_DEVICE_FAMILY = 1;
			};
			name = Debug;
		};
		A81F899B25E1DD2D000A7CBD /* Release */ = {
			isa = XCBuildConfiguration;
			baseConfigurationReference = C4450719B16AA7A6AF20F196 /* Pods-Daily Business Digest.release.xcconfig */;
			buildSettings = {
				ASSETCATALOG_COMPILER_APPICON_NAME = AppIcon;
				ASSETCATALOG_COMPILER_GLOBAL_ACCENT_COLOR_NAME = AccentColor;
				CODE_SIGN_STYLE = Automatic;
				DEVELOPMENT_TEAM = QS6TZ5BXX6;
				INFOPLIST_FILE = "Daily Business Digest/Info.plist";
				LD_RUNPATH_SEARCH_PATHS = (
					"$(inherited)",
					"@executable_path/Frameworks",
				);
				PRODUCT_BUNDLE_IDENTIFIER = "co.MohammedHossain.Daily-Business-Digest";
				PRODUCT_NAME = "$(TARGET_NAME)";
				SWIFT_VERSION = 5.0;
				TARGETED_DEVICE_FAMILY = 1;
			};
			name = Release;
		};
		A81F899D25E1DD2D000A7CBD /* Debug */ = {
			isa = XCBuildConfiguration;
			baseConfigurationReference = A4BBBEB68595AA6B7E1B4C6D /* Pods-Daily Business DigestTests.debug.xcconfig */;
			buildSettings = {
				ALWAYS_EMBED_SWIFT_STANDARD_LIBRARIES = YES;
				BUNDLE_LOADER = "$(TEST_HOST)";
				CODE_SIGN_STYLE = Automatic;
				DEVELOPMENT_TEAM = QS6TZ5BXX6;
				INFOPLIST_FILE = "Daily Business DigestTests/Info.plist";
				IPHONEOS_DEPLOYMENT_TARGET = 14.0;
				LD_RUNPATH_SEARCH_PATHS = (
					"$(inherited)",
					"@executable_path/Frameworks",
					"@loader_path/Frameworks",
				);
				PRODUCT_BUNDLE_IDENTIFIER = "co.MohammedHossain.Daily-Business-DigestTests";
				PRODUCT_NAME = "$(TARGET_NAME)";
				SWIFT_VERSION = 5.0;
				TARGETED_DEVICE_FAMILY = "1,2";
				TEST_HOST = "$(BUILT_PRODUCTS_DIR)/Daily Business Digest.app/Daily Business Digest";
			};
			name = Debug;
		};
		A81F899E25E1DD2D000A7CBD /* Release */ = {
			isa = XCBuildConfiguration;
			baseConfigurationReference = 97630A8648175F87E8F0DC15 /* Pods-Daily Business DigestTests.release.xcconfig */;
			buildSettings = {
				ALWAYS_EMBED_SWIFT_STANDARD_LIBRARIES = YES;
				BUNDLE_LOADER = "$(TEST_HOST)";
				CODE_SIGN_STYLE = Automatic;
				DEVELOPMENT_TEAM = QS6TZ5BXX6;
				INFOPLIST_FILE = "Daily Business DigestTests/Info.plist";
				IPHONEOS_DEPLOYMENT_TARGET = 14.0;
				LD_RUNPATH_SEARCH_PATHS = (
					"$(inherited)",
					"@executable_path/Frameworks",
					"@loader_path/Frameworks",
				);
				PRODUCT_BUNDLE_IDENTIFIER = "co.MohammedHossain.Daily-Business-DigestTests";
				PRODUCT_NAME = "$(TARGET_NAME)";
				SWIFT_VERSION = 5.0;
				TARGETED_DEVICE_FAMILY = "1,2";
				TEST_HOST = "$(BUILT_PRODUCTS_DIR)/Daily Business Digest.app/Daily Business Digest";
			};
			name = Release;
		};
		A81F89A025E1DD2D000A7CBD /* Debug */ = {
			isa = XCBuildConfiguration;
			baseConfigurationReference = C9F3F16F4D50A8D62EDCC93D /* Pods-Daily Business Digest-Daily Business DigestUITests.debug.xcconfig */;
			buildSettings = {
				ALWAYS_EMBED_SWIFT_STANDARD_LIBRARIES = YES;
				CODE_SIGN_STYLE = Automatic;
				DEVELOPMENT_TEAM = QS6TZ5BXX6;
				INFOPLIST_FILE = "Daily Business DigestUITests/Info.plist";
				LD_RUNPATH_SEARCH_PATHS = (
					"$(inherited)",
					"@executable_path/Frameworks",
					"@loader_path/Frameworks",
				);
				PRODUCT_BUNDLE_IDENTIFIER = "co.MohammedHossain.Daily-Business-DigestUITests";
				PRODUCT_NAME = "$(TARGET_NAME)";
				SWIFT_VERSION = 5.0;
				TARGETED_DEVICE_FAMILY = "1,2";
				TEST_TARGET_NAME = "Daily Business Digest";
			};
			name = Debug;
		};
		A81F89A125E1DD2D000A7CBD /* Release */ = {
			isa = XCBuildConfiguration;
			baseConfigurationReference = B2492BAD4A69FA2162603616 /* Pods-Daily Business Digest-Daily Business DigestUITests.release.xcconfig */;
			buildSettings = {
				ALWAYS_EMBED_SWIFT_STANDARD_LIBRARIES = YES;
				CODE_SIGN_STYLE = Automatic;
				DEVELOPMENT_TEAM = QS6TZ5BXX6;
				INFOPLIST_FILE = "Daily Business DigestUITests/Info.plist";
				LD_RUNPATH_SEARCH_PATHS = (
					"$(inherited)",
					"@executable_path/Frameworks",
					"@loader_path/Frameworks",
				);
				PRODUCT_BUNDLE_IDENTIFIER = "co.MohammedHossain.Daily-Business-DigestUITests";
				PRODUCT_NAME = "$(TARGET_NAME)";
				SWIFT_VERSION = 5.0;
				TARGETED_DEVICE_FAMILY = "1,2";
				TEST_TARGET_NAME = "Daily Business Digest";
			};
			name = Release;
		};
/* End XCBuildConfiguration section */

/* Begin XCConfigurationList section */
		A81F896A25E1DD2A000A7CBD /* Build configuration list for PBXProject "Daily Business Digest" */ = {
			isa = XCConfigurationList;
			buildConfigurations = (
				A81F899725E1DD2D000A7CBD /* Debug */,
				A81F899825E1DD2D000A7CBD /* Release */,
			);
			defaultConfigurationIsVisible = 0;
			defaultConfigurationName = Release;
		};
		A81F899925E1DD2D000A7CBD /* Build configuration list for PBXNativeTarget "Daily Business Digest" */ = {
			isa = XCConfigurationList;
			buildConfigurations = (
				A81F899A25E1DD2D000A7CBD /* Debug */,
				A81F899B25E1DD2D000A7CBD /* Release */,
			);
			defaultConfigurationIsVisible = 0;
			defaultConfigurationName = Release;
		};
		A81F899C25E1DD2D000A7CBD /* Build configuration list for PBXNativeTarget "Daily Business DigestTests" */ = {
			isa = XCConfigurationList;
			buildConfigurations = (
				A81F899D25E1DD2D000A7CBD /* Debug */,
				A81F899E25E1DD2D000A7CBD /* Release */,
			);
			defaultConfigurationIsVisible = 0;
			defaultConfigurationName = Release;
		};
		A81F899F25E1DD2D000A7CBD /* Build configuration list for PBXNativeTarget "Daily Business DigestUITests" */ = {
			isa = XCConfigurationList;
			buildConfigurations = (
				A81F89A025E1DD2D000A7CBD /* Debug */,
				A81F89A125E1DD2D000A7CBD /* Release */,
			);
			defaultConfigurationIsVisible = 0;
			defaultConfigurationName = Release;
		};
/* End XCConfigurationList section */
	};
	rootObject = A81F896725E1DD2A000A7CBD /* Project object */;
}
